// !$*UTF8*$!
{
	archiveVersion = 1;
	classes = {
	};
	objectVersion = 46;
	objects = {

/* Begin PBXFileReference section */
		370CA6CF16B02BA4001678E1 /* libSAL_iOS.xcodeproj */ = {isa = PBXFileReference; lastKnownFileType = "wrapper.pb-project"; name = libSAL_iOS.xcodeproj; path = ../../../libSAL/iOS/libSAL_iOS/libSAL_iOS.xcodeproj; sourceTree = "<group>"; };
/* End PBXFileReference section */

/* Begin PBXGroup section */
		3706E5D1169D867A009E32CD = {
			isa = PBXGroup;
			children = (
				370CA6CF16B02BA4001678E1 /* libSAL_iOS.xcodeproj */,
			);
			sourceTree = "<group>";
		};
/* End PBXGroup section */

/* Begin PBXLegacyTarget section */
		3706E5D8169D867A009E32CD /* libARCommands_iOS */ = {
			isa = PBXLegacyTarget;
			buildArgumentsString = "$(ARD_SDK_DIR) $(ACTION) $(CONFIGURATION)";
			buildConfigurationList = 3706E5DB169D867A009E32CD /* Build configuration list for PBXLegacyTarget "libARCommands_iOS" */;
			buildPhases = (
			);
			buildToolPath = ../iOSBuild.sh;
			buildWorkingDirectory = "";
			dependencies = (
			);
			name = libARCommands_iOS;
			passBuildSettingsInEnvironment = 1;
			productName = libARCommands_iOS;
		};
/* End PBXLegacyTarget section */

/* Begin PBXProject section */
		3706E5D3169D867A009E32CD /* Project object */ = {
			isa = PBXProject;
			attributes = {
				LastUpgradeCheck = 0450;
				ORGANIZATIONNAME = "Parrot SA";
			};
			buildConfigurationList = 3706E5D6169D867A009E32CD /* Build configuration list for PBXProject "libARCommands_iOS" */;
			compatibilityVersion = "Xcode 3.2";
			developmentRegion = English;
			hasScannedForEncodings = 0;
			knownRegions = (
				en,
			);
			mainGroup = 3706E5D1169D867A009E32CD;
			projectDirPath = "";
			projectRoot = "";
			targets = (
				3706E5D8169D867A009E32CD /* libARCommands_iOS */,
			);
		};
/* End PBXProject section */

/* Begin XCBuildConfiguration section */
		3706E5D9169D867A009E32CD /* Debug */ = {
			isa = XCBuildConfiguration;
			buildSettings = {
				ARD_SDK_DIR = "${SHARED_DERIVED_FILE_DIR}";
			};
			name = Debug;
		};
		3706E5DA169D867A009E32CD /* Release */ = {
			isa = XCBuildConfiguration;
			buildSettings = {
				ARD_SDK_DIR = "${SHARED_DERIVED_FILE_DIR}";
			};
			name = Release;
		};
		3706E5DC169D867A009E32CD /* Debug */ = {
			isa = XCBuildConfiguration;
			buildSettings = {
				ARD_SDK_DIR = "$(inherited)";
			};
			name = Debug;
		};
		3706E5DD169D867A009E32CD /* Release */ = {
			isa = XCBuildConfiguration;
			buildSettings = {
				ARD_SDK_DIR = "$(inherited)";
			};
			name = Release;
		};
/* End XCBuildConfiguration section */

/* Begin XCConfigurationList section */
		3706E5D6169D867A009E32CD /* Build configuration list for PBXProject "libARCommands_iOS" */ = {
			isa = XCConfigurationList;
			buildConfigurations = (
				3706E5DA169D867A009E32CD /* Release */,
				3706E5D9169D867A009E32CD /* Debug */,
			);
			defaultConfigurationIsVisible = 0;
			defaultConfigurationName = Release;
		};
		3706E5DB169D867A009E32CD /* Build configuration list for PBXLegacyTarget "libARCommands_iOS" */ = {
			isa = XCConfigurationList;
			buildConfigurations = (
				3706E5DD169D867A009E32CD /* Release */,
				3706E5DC169D867A009E32CD /* Debug */,
			);
			defaultConfigurationIsVisible = 0;
			defaultConfigurationName = Release;
		};
/* End XCConfigurationList section */
	};
	rootObject = 3706E5D3169D867A009E32CD /* Project object */;
}
